
Microsoft Visual Studio Solution File, Format Version 12.00
Project("{FAE04EC0-301F-11D3-BF4B-00C04F79EFBC}") = "Elysium.Server.Core", "Elysium.Server.Core\Elysium.Server.Core.csproj", "{3B97CC96-682D-49CC-9729-ADC49B4979EF}"
EndProject
Project("{FAE04EC0-301F-11D3-BF4B-00C04F79EFBC}") = "Elysium.Server.Tests", "Elysium.Server.Tests\Elysium.Server.Tests.csproj", "{F74269FC-37D8-4366-9304-5BC9D5092D01}"
EndProject
Global
	GlobalSection(SolutionConfigurationPlatforms) = preSolution
		Debug|Any CPU = Debug|Any CPU
		Release|Any CPU = Release|Any CPU
	EndGlobalSection
	GlobalSection(ProjectConfigurationPlatforms) = postSolution
		{3B97CC96-682D-49CC-9729-ADC49B4979EF}.Debug|Any CPU.ActiveCfg = Debug|Any CPU
		{3B97CC96-682D-49CC-9729-ADC49B4979EF}.Debug|Any CPU.Build.0 = Debug|Any CPU
		{3B97CC96-682D-49CC-9729-ADC49B4979EF}.Release|Any CPU.ActiveCfg = Release|Any CPU
		{3B97CC96-682D-49CC-9729-ADC49B4979EF}.Release|Any CPU.Build.0 = Release|Any CPU
		{F74269FC-37D8-4366-9304-5BC9D5092D01}.Debug|Any CPU.ActiveCfg = Debug|Any CPU
		{F74269FC-37D8-4366-9304-5BC9D5092D01}.Debug|Any CPU.Build.0 = Debug|Any CPU
		{F74269FC-37D8-4366-9304-5BC9D5092D01}.Release|Any CPU.ActiveCfg = Release|Any CPU
		{F74269FC-37D8-4366-9304-5BC9D5092D01}.Release|Any CPU.Build.0 = Release|Any CPU
	EndGlobalSection
EndGlobal
